// !$*UTF8*$!
{
	archiveVersion = 1;
	classes = {
	};
	objectVersion = 56;
	objects = {

/* Begin PBXBuildFile section */
		FF7257BE2922880C004F8133 /* ViewControllerRock.swift in Sources */ = {isa = PBXBuildFile; fileRef = FF7257BD2922880C004F8133 /* ViewControllerRock.swift */; };
		FFB93FC4291E84C8003EA7EB /* AppDelegate.swift in Sources */ = {isa = PBXBuildFile; fileRef = FFB93FC3291E84C8003EA7EB /* AppDelegate.swift */; };
		FFB93FC6291E84C8003EA7EB /* SceneDelegate.swift in Sources */ = {isa = PBXBuildFile; fileRef = FFB93FC5291E84C8003EA7EB /* SceneDelegate.swift */; };
		FFB93FC8291E84C8003EA7EB /* ViewController.swift in Sources */ = {isa = PBXBuildFile; fileRef = FFB93FC7291E84C8003EA7EB /* ViewController.swift */; };
		FFB93FCB291E84C8003EA7EB /* Main.storyboard in Resources */ = {isa = PBXBuildFile; fileRef = FFB93FC9291E84C8003EA7EB /* Main.storyboard */; };
		FFB93FCE291E84C8003EA7EB /* rockPaperScissors.xcdatamodeld in Sources */ = {isa = PBXBuildFile; fileRef = FFB93FCC291E84C8003EA7EB /* rockPaperScissors.xcdatamodeld */; };
		FFB93FD0291E84C9003EA7EB /* Assets.xcassets in Resources */ = {isa = PBXBuildFile; fileRef = FFB93FCF291E84C9003EA7EB /* Assets.xcassets */; };
		FFB93FD3291E84C9003EA7EB /* LaunchScreen.storyboard in Resources */ = {isa = PBXBuildFile; fileRef = FFB93FD1291E84C9003EA7EB /* LaunchScreen.storyboard */; };
/* End PBXBuildFile section */

/* Begin PBXFileReference section */
		FF7257BD2922880C004F8133 /* ViewControllerRock.swift */ = {isa = PBXFileReference; lastKnownFileType = sourcecode.swift; path = ViewControllerRock.swift; sourceTree = "<group>"; };
		FFB93FC0291E84C8003EA7EB /* rockPaperScissors.app */ = {isa = PBXFileReference; explicitFileType = wrapper.application; includeInIndex = 0; path = rockPaperScissors.app; sourceTree = BUILT_PRODUCTS_DIR; };
		FFB93FC3291E84C8003EA7EB /* AppDelegate.swift */ = {isa = PBXFileReference; lastKnownFileType = sourcecode.swift; path = AppDelegate.swift; sourceTree = "<group>"; };
		FFB93FC5291E84C8003EA7EB /* SceneDelegate.swift */ = {isa = PBXFileReference; lastKnownFileType = sourcecode.swift; path = SceneDelegate.swift; sourceTree = "<group>"; };
		FFB93FC7291E84C8003EA7EB /* ViewController.swift */ = {isa = PBXFileReference; lastKnownFileType = sourcecode.swift; path = ViewController.swift; sourceTree = "<group>"; };
		FFB93FCA291E84C8003EA7EB /* Base */ = {isa = PBXFileReference; lastKnownFileType = file.storyboard; name = Base; path = Base.lproj/Main.storyboard; sourceTree = "<group>"; };
		FFB93FCD291E84C8003EA7EB /* rockPaperScissors.xcdatamodel */ = {isa = PBXFileReference; lastKnownFileType = wrapper.xcdatamodel; path = rockPaperScissors.xcdatamodel; sourceTree = "<group>"; };
		FFB93FCF291E84C9003EA7EB /* Assets.xcassets */ = {isa = PBXFileReference; lastKnownFileType = folder.assetcatalog; path = Assets.xcassets; sourceTree = "<group>"; };
		FFB93FD2291E84C9003EA7EB /* Base */ = {isa = PBXFileReference; lastKnownFileType = file.storyboard; name = Base; path = Base.lproj/LaunchScreen.storyboard; sourceTree = "<group>"; };
		FFB93FD4291E84C9003EA7EB /* Info.plist */ = {isa = PBXFileReference; lastKnownFileType = text.plist.xml; path = Info.plist; sourceTree = "<group>"; };
/* End PBXFileReference section */

/* Begin PBXFrameworksBuildPhase section */
		FFB93FBD291E84C8003EA7EB /* Frameworks */ = {
			isa = PBXFrameworksBuildPhase;
			buildActionMask = 2147483647;
			files = (
			);
			runOnlyForDeploymentPostprocessing = 0;
		};
/* End PBXFrameworksBuildPhase section */

/* Begin PBXGroup section */
		FFB93FB7291E84C8003EA7EB = {
			isa = PBXGroup;
			children = (
				FFB93FC2291E84C8003EA7EB /* rockPaperScissors */,
				FFB93FC1291E84C8003EA7EB /* Products */,
			);
			sourceTree = "<group>";
		};
		FFB93FC1291E84C8003EA7EB /* Products */ = {
			isa = PBXGroup;
			children = (
				FFB93FC0291E84C8003EA7EB /* rockPaperScissors.app */,
			);
			name = Products;
			sourceTree = "<group>";
		};
		FFB93FC2291E84C8003EA7EB /* rockPaperScissors */ = {
			isa = PBXGroup;
			children = (
				FFB93FC3291E84C8003EA7EB /* AppDelegate.swift */,
				FFB93FC5291E84C8003EA7EB /* SceneDelegate.swift */,
				FFB93FC7291E84C8003EA7EB /* ViewController.swift */,
				FFB93FC9291E84C8003EA7EB /* Main.storyboard */,
				FF7257BD2922880C004F8133 /* ViewControllerRock.swift */,
				FFB93FCF291E84C9003EA7EB /* Assets.xcassets */,
				FFB93FD1291E84C9003EA7EB /* LaunchScreen.storyboard */,
				FFB93FD4291E84C9003EA7EB /* Info.plist */,
				FFB93FCC291E84C8003EA7EB /* rockPaperScissors.xcdatamodeld */,
			);
			path = rockPaperScissors;
			sourceTree = "<group>";
		};
/* End PBXGroup section */

/* Begin PBXNativeTarget section */
		FFB93FBF291E84C8003EA7EB /* rockPaperScissors */ = {
			isa = PBXNativeTarget;
			buildConfigurationList = FFB93FD7291E84C9003EA7EB /* Build configuration list for PBXNativeTarget "rockPaperScissors" */;
			buildPhases = (
				FFB93FBC291E84C8003EA7EB /* Sources */,
				FFB93FBD291E84C8003EA7EB /* Frameworks */,
				FFB93FBE291E84C8003EA7EB /* Resources */,
			);
			buildRules = (
			);
			dependencies = (
			);
			name = rockPaperScissors;
			productName = rockPaperScissors;
			productReference = FFB93FC0291E84C8003EA7EB /* rockPaperScissors.app */;
			productType = "com.apple.product-type.application";
		};
/* End PBXNativeTarget section */

/* Begin PBXProject section */
		FFB93FB8291E84C8003EA7EB /* Project object */ = {
			isa = PBXProject;
			attributes = {
				BuildIndependentTargetsInParallel = 1;
				LastSwiftUpdateCheck = 1400;
				LastUpgradeCheck = 1400;
				TargetAttributes = {
					FFB93FBF291E84C8003EA7EB = {
						CreatedOnToolsVersion = 14.0.1;
					};
				};
			};
			buildConfigurationList = FFB93FBB291E84C8003EA7EB /* Build configuration list for PBXProject "rockPaperScissors" */;
			compatibilityVersion = "Xcode 14.0";
			developmentRegion = en;
			hasScannedForEncodings = 0;
			knownRegions = (
				en,
				Base,
			);
			mainGroup = FFB93FB7291E84C8003EA7EB;
			productRefGroup = FFB93FC1291E84C8003EA7EB /* Products */;
			projectDirPath = "";
			projectRoot = "";
			targets = (
				FFB93FBF291E84C8003EA7EB /* rockPaperScissors */,
			);
		};
/* End PBXProject section */

/* Begin PBXResourcesBuildPhase section */
		FFB93FBE291E84C8003EA7EB /* Resources */ = {
			isa = PBXResourcesBuildPhase;
			buildActionMask = 2147483647;
			files = (
				FFB93FD3291E84C9003EA7EB /* LaunchScreen.storyboard in Resources */,
				FFB93FD0291E84C9003EA7EB /* Assets.xcassets in Resources */,
				FFB93FCB291E84C8003EA7EB /* Main.storyboard in Resources */,
			);
			runOnlyForDeploymentPostprocessing = 0;
		};
/* End PBXResourcesBuildPhase section */

/* Begin PBXSourcesBuildPhase section */
		FFB93FBC291E84C8003EA7EB /* Sources */ = {
			isa = PBXSourcesBuildPhase;
			buildActionMask = 2147483647;
			files = (
				FF7257BE2922880C004F8133 /* ViewControllerRock.swift in Sources */,
				FFB93FC8291E84C8003EA7EB /* ViewController.swift in Sources */,
				FFB93FC4291E84C8003EA7EB /* AppDelegate.swift in Sources */,
				FFB93FCE291E84C8003EA7EB /* rockPaperScissors.xcdatamodeld in Sources */,
				FFB93FC6291E84C8003EA7EB /* SceneDelegate.swift in Sources */,
			);
			runOnlyForDeploymentPostprocessing = 0;
		};
/* End PBXSourcesBuildPhase section */

/* Begin PBXVariantGroup section */
		FFB93FC9291E84C8003EA7EB /* Main.storyboard */ = {
			isa = PBXVariantGroup;
			children = (
				FFB93FCA291E84C8003EA7EB /* Base */,
			);
			name = Main.storyboard;
			sourceTree = "<group>";
		};
		FFB93FD1291E84C9003EA7EB /* LaunchScreen.storyboard */ = {
			isa = PBXVariantGroup;
			children = (
				FFB93FD2291E84C9003EA7EB /* Base */,
			);
			name = LaunchScreen.storyboard;
			sourceTree = "<group>";
		};
/* End PBXVariantGroup section */

/* Begin XCBuildConfiguration section */
		FFB93FD5291E84C9003EA7EB /* Debug */ = {
			isa = XCBuildConfiguration;
			buildSettings = {
				ALWAYS_SEARCH_USER_PATHS = NO;
				CLANG_ANALYZER_NONNULL = YES;
				CLANG_ANALYZER_NUMBER_OBJECT_CONVERSION = YES_AGGRESSIVE;
				CLANG_CXX_LANGUAGE_STANDARD = "gnu++20";
				CLANG_ENABLE_MODULES = YES;
				CLANG_ENABLE_OBJC_ARC = YES;
				CLANG_ENABLE_OBJC_WEAK = YES;
				CLANG_WARN_BLOCK_CAPTURE_AUTORELEASING = YES;
				CLANG_WARN_BOOL_CONVERSION = YES;
				CLANG_WARN_COMMA = YES;
				CLANG_WARN_CONSTANT_CONVERSION = YES;
				CLANG_WARN_DEPRECATED_OBJC_IMPLEMENTATIONS = YES;
				CLANG_WARN_DIRECT_OBJC_ISA_USAGE = YES_ERROR;
				CLANG_WARN_DOCUMENTATION_COMMENTS = YES;
				CLANG_WARN_EMPTY_BODY = YES;
				CLANG_WARN_ENUM_CONVERSION = YES;
				CLANG_WARN_INFINITE_RECURSION = YES;
				CLANG_WARN_INT_CONVERSION = YES;
				CLANG_WARN_NON_LITERAL_NULL_CONVERSION = YES;
				CLANG_WARN_OBJC_IMPLICIT_RETAIN_SELF = YES;
				CLANG_WARN_OBJC_LITERAL_CONVERSION = YES;
				CLANG_WARN_OBJC_ROOT_CLASS = YES_ERROR;
				CLANG_WARN_QUOTED_INCLUDE_IN_FRAMEWORK_HEADER = YES;
				CLANG_WARN_RANGE_LOOP_ANALYSIS = YES;
				CLANG_WARN_STRICT_PROTOTYPES = YES;
				CLANG_WARN_SUSPICIOUS_MOVE = YES;
				CLANG_WARN_UNGUARDED_AVAILABILITY = YES_AGGRESSIVE;
				CLANG_WARN_UNREACHABLE_CODE = YES;
				CLANG_WARN__DUPLICATE_METHOD_MATCH = YES;
				COPY_PHASE_STRIP = NO;
				DEBUG_INFORMATION_FORMAT = dwarf;
				ENABLE_STRICT_OBJC_MSGSEND = YES;
				ENABLE_TESTABILITY = YES;
				GCC_C_LANGUAGE_STANDARD = gnu11;
				GCC_DYNAMIC_NO_PIC = NO;
				GCC_NO_COMMON_BLOCKS = YES;
				GCC_OPTIMIZATION_LEVEL = 0;
				GCC_PREPROCESSOR_DEFINITIONS = (
					"DEBUG=1",
					"$(inherited)",
				);
				GCC_WARN_64_TO_32_BIT_CONVERSION = YES;
				GCC_WARN_ABOUT_RETURN_TYPE = YES_ERROR;
				GCC_WARN_UNDECLARED_SELECTOR = YES;
				GCC_WARN_UNINITIALIZED_AUTOS = YES_AGGRESSIVE;
				GCC_WARN_UNUSED_FUNCTION = YES;
				GCC_WARN_UNUSED_VARIABLE = YES;
				IPHONEOS_DEPLOYMENT_TARGET = 16.0;
				MTL_ENABLE_DEBUG_INFO = INCLUDE_SOURCE;
				MTL_FAST_MATH = YES;
				ONLY_ACTIVE_ARCH = YES;
				SDKROOT = iphoneos;
				SWIFT_ACTIVE_COMPILATION_CONDITIONS = DEBUG;
				SWIFT_OPTIMIZATION_LEVEL = "-Onone";
			};
			name = Debug;
		};
		FFB93FD6291E84C9003EA7EB /* Release */ = {
			isa = XCBuildConfiguration;
			buildSettings = {
				ALWAYS_SEARCH_USER_PATHS = NO;
				CLANG_ANALYZER_NONNULL = YES;
				CLANG_ANALYZER_NUMBER_OBJECT_CONVERSION = YES_AGGRESSIVE;
				CLANG_CXX_LANGUAGE_STANDARD = "gnu++20";
				CLANG_ENABLE_MODULES = YES;
				CLANG_ENABLE_OBJC_ARC = YES;
				CLANG_ENABLE_OBJC_WEAK = YES;
				CLANG_WARN_BLOCK_CAPTURE_AUTORELEASING = YES;
				CLANG_WARN_BOOL_CONVERSION = YES;
				CLANG_WARN_COMMA = YES;
				CLANG_WARN_CONSTANT_CONVERSION = YES;
				CLANG_WARN_DEPRECATED_OBJC_IMPLEMENTATIONS = YES;
				CLANG_WARN_DIRECT_OBJC_ISA_USAGE = YES_ERROR;
				CLANG_WARN_DOCUMENTATION_COMMENTS = YES;
				CLANG_WARN_EMPTY_BODY = YES;
				CLANG_WARN_ENUM_CONVERSION = YES;
				CLANG_WARN_INFINITE_RECURSION = YES;
				CLANG_WARN_INT_CONVERSION = YES;
				CLANG_WARN_NON_LITERAL_NULL_CONVERSION = YES;
				CLANG_WARN_OBJC_IMPLICIT_RETAIN_SELF = YES;
				CLANG_WARN_OBJC_LITERAL_CONVERSION = YES;
				CLANG_WARN_OBJC_ROOT_CLASS = YES_ERROR;
				CLANG_WARN_QUOTED_INCLUDE_IN_FRAMEWORK_HEADER = YES;
				CLANG_WARN_RANGE_LOOP_ANALYSIS = YES;
				CLANG_WARN_STRICT_PROTOTYPES = YES;
				CLANG_WARN_SUSPICIOUS_MOVE = YES;
				CLANG_WARN_UNGUARDED_AVAILABILITY = YES_AGGRESSIVE;
				CLANG_WARN_UNREACHABLE_CODE = YES;
				CLANG_WARN__DUPLICATE_METHOD_MATCH = YES;
				COPY_PHASE_STRIP = NO;
				DEBUG_INFORMATION_FORMAT = "dwarf-with-dsym";
				ENABLE_NS_ASSERTIONS = NO;
				ENABLE_STRICT_OBJC_MSGSEND = YES;
				GCC_C_LANGUAGE_STANDARD = gnu11;
				GCC_NO_COMMON_BLOCKS = YES;
				GCC_WARN_64_TO_32_BIT_CONVERSION = YES;
				GCC_WARN_ABOUT_RETURN_TYPE = YES_ERROR;
				GCC_WARN_UNDECLARED_SELECTOR = YES;
				GCC_WARN_UNINITIALIZED_AUTOS = YES_AGGRESSIVE;
				GCC_WARN_UNUSED_FUNCTION = YES;
				GCC_WARN_UNUSED_VARIABLE = YES;
				IPHONEOS_DEPLOYMENT_TARGET = 16.0;
				MTL_ENABLE_DEBUG_INFO = NO;
				MTL_FAST_MATH = YES;
				SDKROOT = iphoneos;
				SWIFT_COMPILATION_MODE = wholemodule;
				SWIFT_OPTIMIZATION_LEVEL = "-O";
				VALIDATE_PRODUCT = YES;
			};
			name = Release;
		};
		FFB93FD8291E84C9003EA7EB /* Debug */ = {
			isa = XCBuildConfiguration;
			buildSettings = {
				ASSETCATALOG_COMPILER_APPICON_NAME = AppIcon;
				ASSETCATALOG_COMPILER_GLOBAL_ACCENT_COLOR_NAME = AccentColor;
				CODE_SIGN_STYLE = Automatic;
				CURRENT_PROJECT_VERSION = 1;
				DEVELOPMENT_TEAM = F8BDDDA73S;
				GENERATE_INFOPLIST_FILE = YES;
				INFOPLIST_FILE = rockPaperScissors/Info.plist;
				INFOPLIST_KEY_UIApplicationSupportsIndirectInputEvents = YES;
				INFOPLIST_KEY_UILaunchStoryboardName = LaunchScreen;
				INFOPLIST_KEY_UIMainStoryboardFile = Main;
				INFOPLIST_KEY_UISupportedInterfaceOrientations_iPad = "UIInterfaceOrientationPortrait UIInterfaceOrientationPortraitUpsideDown UIInterfaceOrientationLandscapeLeft UIInterfaceOrientationLandscapeRight";
				INFOPLIST_KEY_UISupportedInterfaceOrientations_iPhone = "UIInterfaceOrientationPortrait UIInterfaceOrientationLandscapeLeft UIInterfaceOrientationLandscapeRight";
				LD_RUNPATH_SEARCH_PATHS = (
					"$(inherited)",
					"@executable_path/Frameworks",
				);
				MARKETING_VERSION = 1.0;
				PRODUCT_BUNDLE_IDENTIFIER = CLC.rockPaperScissors;
				PRODUCT_NAME = "$(TARGET_NAME)";
				SWIFT_EMIT_LOC_STRINGS = YES;
				SWIFT_VERSION = 5.0;
				TARGETED_DEVICE_FAMILY = "1,2";
			};
			name = Debug;
		};
		FFB93FD9291E84C9003EA7EB /* Release */ = {
			isa = XCBuildConfiguration;
			buildSettings = {
				ASSETCATALOG_COMPILER_APPICON_NAME = AppIcon;
				ASSETCATALOG_COMPILER_GLOBAL_ACCENT_COLOR_NAME = AccentColor;
				CODE_SIGN_STYLE = Automatic;
				CURRENT_PROJECT_VERSION = 1;
				DEVELOPMENT_TEAM = F8BDDDA73S;
				GENERATE_INFOPLIST_FILE = YES;
				INFOPLIST_FILE = rockPaperScissors/Info.plist;
				INFOPLIST_KEY_UIApplicationSupportsIndirectInputEvents = YES;
				INFOPLIST_KEY_UILaunchStoryboardName = LaunchScreen;
				INFOPLIST_KEY_UIMainStoryboardFile = Main;
				INFOPLIST_KEY_UISupportedInterfaceOrientations_iPad = "UIInterfaceOrientationPortrait UIInterfaceOrientationPortraitUpsideDown UIInterfaceOrientationLandscapeLeft UIInterfaceOrientationLandscapeRight";
				INFOPLIST_KEY_UISupportedInterfaceOrientations_iPhone = "UIInterfaceOrientationPortrait UIInterfaceOrientationLandscapeLeft UIInterfaceOrientationLandscapeRight";
				LD_RUNPATH_SEARCH_PATHS = (
					"$(inherited)",
					"@executable_path/Frameworks",
				);
				MARKETING_VERSION = 1.0;
				PRODUCT_BUNDLE_IDENTIFIER = CLC.rockPaperScissors;
				PRODUCT_NAME = "$(TARGET_NAME)";
				SWIFT_EMIT_LOC_STRINGS = YES;
				SWIFT_VERSION = 5.0;
				TARGETED_DEVICE_FAMILY = "1,2";
			};
			name = Release;
		};
/* End XCBuildConfiguration section */

/* Begin XCConfigurationList section */
		FFB93FBB291E84C8003EA7EB /* Build configuration list for PBXProject "rockPaperScissors" */ = {
			isa = XCConfigurationList;
			buildConfigurations = (
				FFB93FD5291E84C9003EA7EB /* Debug */,
				FFB93FD6291E84C9003EA7EB /* Release */,
			);
			defaultConfigurationIsVisible = 0;
			defaultConfigurationName = Release;
		};
		FFB93FD7291E84C9003EA7EB /* Build configuration list for PBXNativeTarget "rockPaperScissors" */ = {
			isa = XCConfigurationList;
			buildConfigurations = (
				FFB93FD8291E84C9003EA7EB /* Debug */,
				FFB93FD9291E84C9003EA7EB /* Release */,
			);
			defaultConfigurationIsVisible = 0;
			defaultConfigurationName = Release;
		};
/* End XCConfigurationList section */

/* Begin XCVersionGroup section */
		FFB93FCC291E84C8003EA7EB /* rockPaperScissors.xcdatamodeld */ = {
			isa = XCVersionGroup;
			children = (
				FFB93FCD291E84C8003EA7EB /* rockPaperScissors.xcdatamodel */,
			);
			currentVersion = FFB93FCD291E84C8003EA7EB /* rockPaperScissors.xcdatamodel */;
			path = rockPaperScissors.xcdatamodeld;
			sourceTree = "<group>";
			versionGroupType = wrapper.xcdatamodel;
		};
/* End XCVersionGroup section */
	};
	rootObject = FFB93FB8291E84C8003EA7EB /* Project object */;
}
